
Microsoft Visual Studio Solution File, Format Version 12.00
# Visual Studio Version 17
VisualStudioVersion = 17.10.35027.167
MinimumVisualStudioVersion = 10.0.40219.1
Project("{FAE04EC0-301F-11D3-BF4B-00C04F79EFBC}") = "test", "test\test.csproj", "{4AA2DBCC-9CBF-4313-94EE-1C765A37DF94}"
EndProject
Global
	GlobalSection(SolutionConfigurationPlatforms) = preSolution
		Debug|Any CPU = Debug|Any CPU
		Release|Any CPU = Release|Any CPU
	EndGlobalSection
	GlobalSection(ProjectConfigurationPlatforms) = postSolution
		{4AA2DBCC-9CBF-4313-94EE-1C765A37DF94}.Debug|Any CPU.ActiveCfg = Debug|Any CPU
		{4AA2DBCC-9CBF-4313-94EE-1C765A37DF94}.Debug|Any CPU.Build.0 = Debug|Any CPU
		{4AA2DBCC-9CBF-4313-94EE-1C765A37DF94}.Release|Any CPU.ActiveCfg = Release|Any CPU
		{4AA2DBCC-9CBF-4313-94EE-1C765A37DF94}.Release|Any CPU.Build.0 = Release|Any CPU
	EndGlobalSection
	GlobalSection(SolutionProperties) = preSolution
		HideSolutionNode = FALSE
	EndGlobalSection
	GlobalSection(ExtensibilityGlobals) = postSolution
		SolutionGuid = {6F8D1077-212A-4962-A373-65278208F144}
	EndGlobalSection
EndGlobal
